{
  "pins" : [
    {
      "identity" : "codeeditorview",
      "kind" : "remoteSourceControl",
      "location" : "https://github.com/mchakravarty/CodeEditorView",
      "state" : {
        "revision" : "5386056ab53d43363083cb96069715a9608aa048",
        "version" : "0.16.0"
      }
    },
    {
      "identity" : "networkimage",
      "kind" : "remoteSourceControl",
      "location" : "https://github.com/gonzalezreal/NetworkImage",
      "state" : {
        "revision" : "2849f5323265386e200484b0d0f896e73c3411b9",
        "version" : "6.0.1"
      }
    },
    {
      "identity" : "nuke",
      "kind" : "remoteSourceControl",
      "location" : "https://github.com/kean/Nuke",
      "state" : {
        "revision" : "30f7a7e72e0607d304fbf69c799474bd5fb6d1ce",
        "version" : "13.2.0"
      }
    },
    {
      "identity" : "rearrange",
      "kind" : "remoteSourceControl",
      "location" : "https://github.com/ChimeHQ/Rearrange.git",
      "state" : {
        "revision" : "0fb658e721c68495f6340c211cc6d4719e6b52d8",
        "version" : "1.6.0"
      }
    },
    {
      "identity" : "splash",
      "kind" : "remoteSourceControl",
      "location" : "https://github.com/JohnSundell/Splash",
      "state" : {
        "revision" : "7f4df436eb78fe64fe2c32c58006e9949fa28ad8",
        "version" : "0.16.0"
      }
    },
    {
      "identity" : "swift-cmark",
      "kind" : "remoteSourceControl",
      "location" : "https://github.com/swiftlang/swift-cmark",
      "state" : {
        "revision" : "08ddb528923cc1a6527e02b7a1aee9e516ca749a",
        "version" : "0.9.0"
      }
    },
    {
      "identity" : "swift-collections",
      "kind" : "remoteSourceControl",
      "location" : "https://github.com/apple/swift-collections",
      "state" : {
        "revision" : "8c0c0a8b49e080e54e5e328cc552821ff07cd341",
        "version" : "1.2.1"
      }
    },
    {
      "identity" : "swift-markdown-ui",
      "kind" : "remoteSourceControl",
      "location" : "https://github.com/gonzalezreal/swift-markdown-ui",
      "state" : {
        "revision" : "5f613358148239d0292c0cef674a3c2314737f9e",
        "version" : "2.4.1"
      }
    },
    {
      "identity" : "swiftdraw",
      "kind" : "remoteSourceControl",
      "location" : "https://github.com/swhitty/SwiftDraw",
      "state" : {
        "revision" : "82699f4bdf2f075793cfa0d392eb27c59b41a3fe",
        "version" : "0.29.0"
      }
    },
    {
      "identity" : "swiftui-flow",
      "kind" : "remoteSourceControl",
      "location" : "https://github.com/tevelee/SwiftUI-Flow",
      "state" : {
        "revision" : "19e86b750b3c67260cbb28c459004c0dfdb11899",
        "version" : "3.5.1"
      }
    },
    {
      "identity" : "swiftui-introspect",
      "kind" : "remoteSourceControl",
      "location" : "https://github.com/siteline/swiftui-introspect",
      "state" : {
        "revision" : "26986a57e31c813f98262ddb62d4b07d40008535",
        "version" : "26.0.1"
      }
    },
    {
      "identity" : "systemnotification",
      "kind" : "remoteSourceControl",
      "location" : "https://github.com/danielsaidi/SystemNotification",
      "state" : {
        "revision" : "69c2fa246dabd8d19c7ee62250d0a489a721660f",
        "version" : "1.4.1"
      }
    }
  ],
  "version" : 2
}
